
Microsoft Visual Studio Solution File, Format Version 12.00
# Visual Studio 14
VisualStudioVersion = 14.0.25123.0
MinimumVisualStudioVersion = 10.0.40219.1
Project("{FAE04EC0-301F-11D3-BF4B-00C04F79EFBC}") = "com.blackfez.NetFezdoku.entities", "com.blackfez.NetFezdoku.entities\com.blackfez.NetFezdoku.entities.csproj", "{4571A950-0FAF-41A9-BEC0-69948B40AAFD}"
EndProject
Project("{FAE04EC0-301F-11D3-BF4B-00C04F79EFBC}") = "com.blackfez.NetFezdoku.factories", "com.blackfez.NeFezdoku.factories\com.blackfez.NetFezdoku.factories.csproj", "{A494A77B-A8A2-4503-9CE1-BE64DE0E762A}"
EndProject
Project("{FAE04EC0-301F-11D3-BF4B-00C04F79EFBC}") = "com.blackfez.NetFezdoku.utilities", "com.blackfez.NetFezdoku.utilities\com.blackfez.NetFezdoku.utilities.csproj", "{A8D4EF15-E2BF-415C-A0D1-B529D1F4F5CB}"
EndProject
Global
	GlobalSection(SolutionConfigurationPlatforms) = preSolution
		Debug|Any CPU = Debug|Any CPU
		Release|Any CPU = Release|Any CPU
	EndGlobalSection
	GlobalSection(ProjectConfigurationPlatforms) = postSolution
		{4571A950-0FAF-41A9-BEC0-69948B40AAFD}.Debug|Any CPU.ActiveCfg = Debug|Any CPU
		{4571A950-0FAF-41A9-BEC0-69948B40AAFD}.Debug|Any CPU.Build.0 = Debug|Any CPU
		{4571A950-0FAF-41A9-BEC0-69948B40AAFD}.Release|Any CPU.ActiveCfg = Release|Any CPU
		{4571A950-0FAF-41A9-BEC0-69948B40AAFD}.Release|Any CPU.Build.0 = Release|Any CPU
		{A494A77B-A8A2-4503-9CE1-BE64DE0E762A}.Debug|Any CPU.ActiveCfg = Debug|Any CPU
		{A494A77B-A8A2-4503-9CE1-BE64DE0E762A}.Debug|Any CPU.Build.0 = Debug|Any CPU
		{A494A77B-A8A2-4503-9CE1-BE64DE0E762A}.Release|Any CPU.ActiveCfg = Release|Any CPU
		{A494A77B-A8A2-4503-9CE1-BE64DE0E762A}.Release|Any CPU.Build.0 = Release|Any CPU
		{A8D4EF15-E2BF-415C-A0D1-B529D1F4F5CB}.Debug|Any CPU.ActiveCfg = Debug|Any CPU
		{A8D4EF15-E2BF-415C-A0D1-B529D1F4F5CB}.Debug|Any CPU.Build.0 = Debug|Any CPU
		{A8D4EF15-E2BF-415C-A0D1-B529D1F4F5CB}.Release|Any CPU.ActiveCfg = Release|Any CPU
		{A8D4EF15-E2BF-415C-A0D1-B529D1F4F5CB}.Release|Any CPU.Build.0 = Release|Any CPU
	EndGlobalSection
	GlobalSection(SolutionProperties) = preSolution
		HideSolutionNode = FALSE
	EndGlobalSection
EndGlobal
